
Microsoft Visual Studio Solution File, Format Version 12.00
# Visual Studio 15
VisualStudioVersion = 15.0.27004.2010
MinimumVisualStudioVersion = 10.0.40219.1
Project("{FAE04EC0-301F-11D3-BF4B-00C04F79EFBC}") = "emguCV", "emguCV.csproj", "{08076073-ADE2-4B55-AAA7-CCC04BF1F08B}"
EndProject
Global
	GlobalSection(SolutionConfigurationPlatforms) = preSolution
		Debug|Any CPU = Debug|Any CPU
		Release|Any CPU = Release|Any CPU
	EndGlobalSection
	GlobalSection(ProjectConfigurationPlatforms) = postSolution
		{08076073-ADE2-4B55-AAA7-CCC04BF1F08B}.Debug|Any CPU.ActiveCfg = Debug|Any CPU
		{08076073-ADE2-4B55-AAA7-CCC04BF1F08B}.Debug|Any CPU.Build.0 = Debug|Any CPU
		{08076073-ADE2-4B55-AAA7-CCC04BF1F08B}.Release|Any CPU.ActiveCfg = Release|Any CPU
		{08076073-ADE2-4B55-AAA7-CCC04BF1F08B}.Release|Any CPU.Build.0 = Release|Any CPU
	EndGlobalSection
	GlobalSection(SolutionProperties) = preSolution
		HideSolutionNode = FALSE
	EndGlobalSection
	GlobalSection(ExtensibilityGlobals) = postSolution
		SolutionGuid = {98958F67-C388-4883-A543-A24B6CE852B8}
	EndGlobalSection
EndGlobal
